
Microsoft Visual Studio Solution File, Format Version 12.00
# Visual Studio 15
VisualStudioVersion = 15.0.28010.0
MinimumVisualStudioVersion = 10.0.40219.1
Project("{FAE04EC0-301F-11D3-BF4B-00C04F79EFBC}") = "TestWeather", "TestWeather\TestWeather.csproj", "{8957FBDE-DF2A-47DC-A6B7-4A162809A5B3}"
EndProject
Global
	GlobalSection(SolutionConfigurationPlatforms) = preSolution
		Debug|Any CPU = Debug|Any CPU
		Release|Any CPU = Release|Any CPU
	EndGlobalSection
	GlobalSection(ProjectConfigurationPlatforms) = postSolution
		{8957FBDE-DF2A-47DC-A6B7-4A162809A5B3}.Debug|Any CPU.ActiveCfg = Debug|Any CPU
		{8957FBDE-DF2A-47DC-A6B7-4A162809A5B3}.Debug|Any CPU.Build.0 = Debug|Any CPU
		{8957FBDE-DF2A-47DC-A6B7-4A162809A5B3}.Release|Any CPU.ActiveCfg = Release|Any CPU
		{8957FBDE-DF2A-47DC-A6B7-4A162809A5B3}.Release|Any CPU.Build.0 = Release|Any CPU
	EndGlobalSection
	GlobalSection(SolutionProperties) = preSolution
		HideSolutionNode = FALSE
	EndGlobalSection
	GlobalSection(ExtensibilityGlobals) = postSolution
		SolutionGuid = {C4EAC708-6B6E-4064-A061-795DEC74D901}
	EndGlobalSection
EndGlobal
